// !$*UTF8*$!
{
	archiveVersion = 1;
	classes = {
	};
	objectVersion = 56;
	objects = {

/* Begin PBXBuildFile section */
		A62C328729BAC9E60085A3B3 /* Book_Barcode_ScannerApp.swift in Sources */ = {isa = PBXBuildFile; fileRef = A62C328629BAC9E60085A3B3 /* Book_Barcode_ScannerApp.swift */; };
		A62C328929BAC9E60085A3B3 /* ContentView.swift in Sources */ = {isa = PBXBuildFile; fileRef = A62C328829BAC9E60085A3B3 /* ContentView.swift */; };
		A62C328B29BAC9E70085A3B3 /* Assets.xcassets in Resources */ = {isa = PBXBuildFile; fileRef = A62C328A29BAC9E70085A3B3 /* Assets.xcassets */; };
		A62C328E29BAC9E70085A3B3 /* Preview Assets.xcassets in Resources */ = {isa = PBXBuildFile; fileRef = A62C328D29BAC9E70085A3B3 /* Preview Assets.xcassets */; };
		A62C329829BAC9E70085A3B3 /* Book_Barcode_ScannerTests.swift in Sources */ = {isa = PBXBuildFile; fileRef = A62C329729BAC9E70085A3B3 /* Book_Barcode_ScannerTests.swift */; };
		A62C32A229BAC9E70085A3B3 /* Book_Barcode_ScannerUITests.swift in Sources */ = {isa = PBXBuildFile; fileRef = A62C32A129BAC9E70085A3B3 /* Book_Barcode_ScannerUITests.swift */; };
		A62C32A429BAC9E70085A3B3 /* Book_Barcode_ScannerUITestsLaunchTests.swift in Sources */ = {isa = PBXBuildFile; fileRef = A62C32A329BAC9E70085A3B3 /* Book_Barcode_ScannerUITestsLaunchTests.swift */; };
/* End PBXBuildFile section */

/* Begin PBXContainerItemProxy section */
		A62C329429BAC9E70085A3B3 /* PBXContainerItemProxy */ = {
			isa = PBXContainerItemProxy;
			containerPortal = A62C327B29BAC9E60085A3B3 /* Project object */;
			proxyType = 1;
			remoteGlobalIDString = A62C328229BAC9E60085A3B3;
			remoteInfo = "Book Barcode Scanner";
		};
		A62C329E29BAC9E70085A3B3 /* PBXContainerItemProxy */ = {
			isa = PBXContainerItemProxy;
			containerPortal = A62C327B29BAC9E60085A3B3 /* Project object */;
			proxyType = 1;
			remoteGlobalIDString = A62C328229BAC9E60085A3B3;
			remoteInfo = "Book Barcode Scanner";
		};
/* End PBXContainerItemProxy section */

/* Begin PBXFileReference section */
		A62C328329BAC9E60085A3B3 /* Book Barcode Scanner.app */ = {isa = PBXFileReference; explicitFileType = wrapper.application; includeInIndex = 0; path = "Book Barcode Scanner.app"; sourceTree = BUILT_PRODUCTS_DIR; };
		A62C328629BAC9E60085A3B3 /* Book_Barcode_ScannerApp.swift */ = {isa = PBXFileReference; lastKnownFileType = sourcecode.swift; path = Book_Barcode_ScannerApp.swift; sourceTree = "<group>"; };
		A62C328829BAC9E60085A3B3 /* ContentView.swift */ = {isa = PBXFileReference; lastKnownFileType = sourcecode.swift; path = ContentView.swift; sourceTree = "<group>"; };
		A62C328A29BAC9E70085A3B3 /* Assets.xcassets */ = {isa = PBXFileReference; lastKnownFileType = folder.assetcatalog; path = Assets.xcassets; sourceTree = "<group>"; };
		A62C328D29BAC9E70085A3B3 /* Preview Assets.xcassets */ = {isa = PBXFileReference; lastKnownFileType = folder.assetcatalog; path = "Preview Assets.xcassets"; sourceTree = "<group>"; };
		A62C329329BAC9E70085A3B3 /* Book Barcode ScannerTests.xctest */ = {isa = PBXFileReference; explicitFileType = wrapper.cfbundle; includeInIndex = 0; path = "Book Barcode ScannerTests.xctest"; sourceTree = BUILT_PRODUCTS_DIR; };
		A62C329729BAC9E70085A3B3 /* Book_Barcode_ScannerTests.swift */ = {isa = PBXFileReference; lastKnownFileType = sourcecode.swift; path = Book_Barcode_ScannerTests.swift; sourceTree = "<group>"; };
		A62C329D29BAC9E70085A3B3 /* Book Barcode ScannerUITests.xctest */ = {isa = PBXFileReference; explicitFileType = wrapper.cfbundle; includeInIndex = 0; path = "Book Barcode ScannerUITests.xctest"; sourceTree = BUILT_PRODUCTS_DIR; };
		A62C32A129BAC9E70085A3B3 /* Book_Barcode_ScannerUITests.swift */ = {isa = PBXFileReference; lastKnownFileType = sourcecode.swift; path = Book_Barcode_ScannerUITests.swift; sourceTree = "<group>"; };
		A62C32A329BAC9E70085A3B3 /* Book_Barcode_ScannerUITestsLaunchTests.swift */ = {isa = PBXFileReference; lastKnownFileType = sourcecode.swift; path = Book_Barcode_ScannerUITestsLaunchTests.swift; sourceTree = "<group>"; };
/* End PBXFileReference section */

/* Begin PBXFrameworksBuildPhase section */
		A62C328029BAC9E60085A3B3 /* Frameworks */ = {
			isa = PBXFrameworksBuildPhase;
			buildActionMask = 2147483647;
			files = (
			);
			runOnlyForDeploymentPostprocessing = 0;
		};
		A62C329029BAC9E70085A3B3 /* Frameworks */ = {
			isa = PBXFrameworksBuildPhase;
			buildActionMask = 2147483647;
			files = (
			);
			runOnlyForDeploymentPostprocessing = 0;
		};
		A62C329A29BAC9E70085A3B3 /* Frameworks */ = {
			isa = PBXFrameworksBuildPhase;
			buildActionMask = 2147483647;
			files = (
			);
			runOnlyForDeploymentPostprocessing = 0;
		};
/* End PBXFrameworksBuildPhase section */

/* Begin PBXGroup section */
		A62C327A29BAC9E60085A3B3 = {
			isa = PBXGroup;
			children = (
				A62C328529BAC9E60085A3B3 /* Book Barcode Scanner */,
				A62C329629BAC9E70085A3B3 /* Book Barcode ScannerTests */,
				A62C32A029BAC9E70085A3B3 /* Book Barcode ScannerUITests */,
				A62C328429BAC9E60085A3B3 /* Products */,
			);
			sourceTree = "<group>";
		};
		A62C328429BAC9E60085A3B3 /* Products */ = {
			isa = PBXGroup;
			children = (
				A62C328329BAC9E60085A3B3 /* Book Barcode Scanner.app */,
				A62C329329BAC9E70085A3B3 /* Book Barcode ScannerTests.xctest */,
				A62C329D29BAC9E70085A3B3 /* Book Barcode ScannerUITests.xctest */,
			);
			name = Products;
			sourceTree = "<group>";
		};
		A62C328529BAC9E60085A3B3 /* Book Barcode Scanner */ = {
			isa = PBXGroup;
			children = (
				A62C328629BAC9E60085A3B3 /* Book_Barcode_ScannerApp.swift */,
				A62C328829BAC9E60085A3B3 /* ContentView.swift */,
				A62C328A29BAC9E70085A3B3 /* Assets.xcassets */,
				A62C328C29BAC9E70085A3B3 /* Preview Content */,
			);
			path = "Book Barcode Scanner";
			sourceTree = "<group>";
		};
		A62C328C29BAC9E70085A3B3 /* Preview Content */ = {
			isa = PBXGroup;
			children = (
				A62C328D29BAC9E70085A3B3 /* Preview Assets.xcassets */,
			);
			path = "Preview Content";
			sourceTree = "<group>";
		};
		A62C329629BAC9E70085A3B3 /* Book Barcode ScannerTests */ = {
			isa = PBXGroup;
			children = (
				A62C329729BAC9E70085A3B3 /* Book_Barcode_ScannerTests.swift */,
			);
			path = "Book Barcode ScannerTests";
			sourceTree = "<group>";
		};
		A62C32A029BAC9E70085A3B3 /* Book Barcode ScannerUITests */ = {
			isa = PBXGroup;
			children = (
				A62C32A129BAC9E70085A3B3 /* Book_Barcode_ScannerUITests.swift */,
				A62C32A329BAC9E70085A3B3 /* Book_Barcode_ScannerUITestsLaunchTests.swift */,
			);
			path = "Book Barcode ScannerUITests";
			sourceTree = "<group>";
		};
/* End PBXGroup section */

/* Begin PBXNativeTarget section */
		A62C328229BAC9E60085A3B3 /* Book Barcode Scanner */ = {
			isa = PBXNativeTarget;
			buildConfigurationList = A62C32A729BAC9E70085A3B3 /* Build configuration list for PBXNativeTarget "Book Barcode Scanner" */;
			buildPhases = (
				A62C327F29BAC9E60085A3B3 /* Sources */,
				A62C328029BAC9E60085A3B3 /* Frameworks */,
				A62C328129BAC9E60085A3B3 /* Resources */,
			);
			buildRules = (
			);
			dependencies = (
			);
			name = "Book Barcode Scanner";
			productName = "Book Barcode Scanner";
			productReference = A62C328329BAC9E60085A3B3 /* Book Barcode Scanner.app */;
			productType = "com.apple.product-type.application";
		};
		A62C329229BAC9E70085A3B3 /* Book Barcode ScannerTests */ = {
			isa = PBXNativeTarget;
			buildConfigurationList = A62C32AA29BAC9E70085A3B3 /* Build configuration list for PBXNativeTarget "Book Barcode ScannerTests" */;
			buildPhases = (
				A62C328F29BAC9E70085A3B3 /* Sources */,
				A62C329029BAC9E70085A3B3 /* Frameworks */,
				A62C329129BAC9E70085A3B3 /* Resources */,
			);
			buildRules = (
			);
			dependencies = (
				A62C329529BAC9E70085A3B3 /* PBXTargetDependency */,
			);
			name = "Book Barcode ScannerTests";
			productName = "Book Barcode ScannerTests";
			productReference = A62C329329BAC9E70085A3B3 /* Book Barcode ScannerTests.xctest */;
			productType = "com.apple.product-type.bundle.unit-test";
		};
		A62C329C29BAC9E70085A3B3 /* Book Barcode ScannerUITests */ = {
			isa = PBXNativeTarget;
			buildConfigurationList = A62C32AD29BAC9E70085A3B3 /* Build configuration list for PBXNativeTarget "Book Barcode ScannerUITests" */;
			buildPhases = (
				A62C329929BAC9E70085A3B3 /* Sources */,
				A62C329A29BAC9E70085A3B3 /* Frameworks */,
				A62C329B29BAC9E70085A3B3 /* Resources */,
			);
			buildRules = (
			);
			dependencies = (
				A62C329F29BAC9E70085A3B3 /* PBXTargetDependency */,
			);
			name = "Book Barcode ScannerUITests";
			productName = "Book Barcode ScannerUITests";
			productReference = A62C329D29BAC9E70085A3B3 /* Book Barcode ScannerUITests.xctest */;
			productType = "com.apple.product-type.bundle.ui-testing";
		};
/* End PBXNativeTarget section */

/* Begin PBXProject section */
		A62C327B29BAC9E60085A3B3 /* Project object */ = {
			isa = PBXProject;
			attributes = {
				BuildIndependentTargetsInParallel = 1;
				LastSwiftUpdateCheck = 1420;
				LastUpgradeCheck = 1420;
				TargetAttributes = {
					A62C328229BAC9E60085A3B3 = {
						CreatedOnToolsVersion = 14.2;
					};
					A62C329229BAC9E70085A3B3 = {
						CreatedOnToolsVersion = 14.2;
						TestTargetID = A62C328229BAC9E60085A3B3;
					};
					A62C329C29BAC9E70085A3B3 = {
						CreatedOnToolsVersion = 14.2;
						TestTargetID = A62C328229BAC9E60085A3B3;
					};
				};
			};
			buildConfigurationList = A62C327E29BAC9E60085A3B3 /* Build configuration list for PBXProject "Book Barcode Scanner" */;
			compatibilityVersion = "Xcode 14.0";
			developmentRegion = en;
			hasScannedForEncodings = 0;
			knownRegions = (
				en,
				Base,
			);
			mainGroup = A62C327A29BAC9E60085A3B3;
			productRefGroup = A62C328429BAC9E60085A3B3 /* Products */;
			projectDirPath = "";
			projectRoot = "";
			targets = (
				A62C328229BAC9E60085A3B3 /* Book Barcode Scanner */,
				A62C329229BAC9E70085A3B3 /* Book Barcode ScannerTests */,
				A62C329C29BAC9E70085A3B3 /* Book Barcode ScannerUITests */,
			);
		};
/* End PBXProject section */

/* Begin PBXResourcesBuildPhase section */
		A62C328129BAC9E60085A3B3 /* Resources */ = {
			isa = PBXResourcesBuildPhase;
			buildActionMask = 2147483647;
			files = (
				A62C328E29BAC9E70085A3B3 /* Preview Assets.xcassets in Resources */,
				A62C328B29BAC9E70085A3B3 /* Assets.xcassets in Resources */,
			);
			runOnlyForDeploymentPostprocessing = 0;
		};
		A62C329129BAC9E70085A3B3 /* Resources */ = {
			isa = PBXResourcesBuildPhase;
			buildActionMask = 2147483647;
			files = (
			);
			runOnlyForDeploymentPostprocessing = 0;
		};
		A62C329B29BAC9E70085A3B3 /* Resources */ = {
			isa = PBXResourcesBuildPhase;
			buildActionMask = 2147483647;
			files = (
			);
			runOnlyForDeploymentPostprocessing = 0;
		};
/* End PBXResourcesBuildPhase section */

/* Begin PBXSourcesBuildPhase section */
		A62C327F29BAC9E60085A3B3 /* Sources */ = {
			isa = PBXSourcesBuildPhase;
			buildActionMask = 2147483647;
			files = (
				A62C328929BAC9E60085A3B3 /* ContentView.swift in Sources */,
				A62C328729BAC9E60085A3B3 /* Book_Barcode_ScannerApp.swift in Sources */,
			);
			runOnlyForDeploymentPostprocessing = 0;
		};
		A62C328F29BAC9E70085A3B3 /* Sources */ = {
			isa = PBXSourcesBuildPhase;
			buildActionMask = 2147483647;
			files = (
				A62C329829BAC9E70085A3B3 /* Book_Barcode_ScannerTests.swift in Sources */,
			);
			runOnlyForDeploymentPostprocessing = 0;
		};
		A62C329929BAC9E70085A3B3 /* Sources */ = {
			isa = PBXSourcesBuildPhase;
			buildActionMask = 2147483647;
			files = (
				A62C32A229BAC9E70085A3B3 /* Book_Barcode_ScannerUITests.swift in Sources */,
				A62C32A429BAC9E70085A3B3 /* Book_Barcode_ScannerUITestsLaunchTests.swift in Sources */,
			);
			runOnlyForDeploymentPostprocessing = 0;
		};
/* End PBXSourcesBuildPhase section */

/* Begin PBXTargetDependency section */
		A62C329529BAC9E70085A3B3 /* PBXTargetDependency */ = {
			isa = PBXTargetDependency;
			target = A62C328229BAC9E60085A3B3 /* Book Barcode Scanner */;
			targetProxy = A62C329429BAC9E70085A3B3 /* PBXContainerItemProxy */;
		};
		A62C329F29BAC9E70085A3B3 /* PBXTargetDependency */ = {
			isa = PBXTargetDependency;
			target = A62C328229BAC9E60085A3B3 /* Book Barcode Scanner */;
			targetProxy = A62C329E29BAC9E70085A3B3 /* PBXContainerItemProxy */;
		};
/* End PBXTargetDependency section */

/* Begin XCBuildConfiguration section */
		A62C32A529BAC9E70085A3B3 /* Debug */ = {
			isa = XCBuildConfiguration;
			buildSettings = {
				ALWAYS_SEARCH_USER_PATHS = NO;
				CLANG_ANALYZER_NONNULL = YES;
				CLANG_ANALYZER_NUMBER_OBJECT_CONVERSION = YES_AGGRESSIVE;
				CLANG_CXX_LANGUAGE_STANDARD = "gnu++20";
				CLANG_ENABLE_MODULES = YES;
				CLANG_ENABLE_OBJC_ARC = YES;
				CLANG_ENABLE_OBJC_WEAK = YES;
				CLANG_WARN_BLOCK_CAPTURE_AUTORELEASING = YES;
				CLANG_WARN_BOOL_CONVERSION = YES;
				CLANG_WARN_COMMA = YES;
				CLANG_WARN_CONSTANT_CONVERSION = YES;
				CLANG_WARN_DEPRECATED_OBJC_IMPLEMENTATIONS = YES;
				CLANG_WARN_DIRECT_OBJC_ISA_USAGE = YES_ERROR;
				CLANG_WARN_DOCUMENTATION_COMMENTS = YES;
				CLANG_WARN_EMPTY_BODY = YES;
				CLANG_WARN_ENUM_CONVERSION = YES;
				CLANG_WARN_INFINITE_RECURSION = YES;
				CLANG_WARN_INT_CONVERSION = YES;
				CLANG_WARN_NON_LITERAL_NULL_CONVERSION = YES;
				CLANG_WARN_OBJC_IMPLICIT_RETAIN_SELF = YES;
				CLANG_WARN_OBJC_LITERAL_CONVERSION = YES;
				CLANG_WARN_OBJC_ROOT_CLASS = YES_ERROR;
				CLANG_WARN_QUOTED_INCLUDE_IN_FRAMEWORK_HEADER = YES;
				CLANG_WARN_RANGE_LOOP_ANALYSIS = YES;
				CLANG_WARN_STRICT_PROTOTYPES = YES;
				CLANG_WARN_SUSPICIOUS_MOVE = YES;
				CLANG_WARN_UNGUARDED_AVAILABILITY = YES_AGGRESSIVE;
				CLANG_WARN_UNREACHABLE_CODE = YES;
				CLANG_WARN__DUPLICATE_METHOD_MATCH = YES;
				COPY_PHASE_STRIP = NO;
				DEBUG_INFORMATION_FORMAT = dwarf;
				ENABLE_STRICT_OBJC_MSGSEND = YES;
				ENABLE_TESTABILITY = YES;
				GCC_C_LANGUAGE_STANDARD = gnu11;
				GCC_DYNAMIC_NO_PIC = NO;
				GCC_NO_COMMON_BLOCKS = YES;
				GCC_OPTIMIZATION_LEVEL = 0;
				GCC_PREPROCESSOR_DEFINITIONS = (
					"DEBUG=1",
					"$(inherited)",
				);
				GCC_WARN_64_TO_32_BIT_CONVERSION = YES;
				GCC_WARN_ABOUT_RETURN_TYPE = YES_ERROR;
				GCC_WARN_UNDECLARED_SELECTOR = YES;
				GCC_WARN_UNINITIALIZED_AUTOS = YES_AGGRESSIVE;
				GCC_WARN_UNUSED_FUNCTION = YES;
				GCC_WARN_UNUSED_VARIABLE = YES;
				IPHONEOS_DEPLOYMENT_TARGET = 16.2;
				MTL_ENABLE_DEBUG_INFO = INCLUDE_SOURCE;
				MTL_FAST_MATH = YES;
				ONLY_ACTIVE_ARCH = YES;
				SDKROOT = iphoneos;
				SWIFT_ACTIVE_COMPILATION_CONDITIONS = DEBUG;
				SWIFT_OPTIMIZATION_LEVEL = "-Onone";
			};
			name = Debug;
		};
		A62C32A629BAC9E70085A3B3 /* Release */ = {
			isa = XCBuildConfiguration;
			buildSettings = {
				ALWAYS_SEARCH_USER_PATHS = NO;
				CLANG_ANALYZER_NONNULL = YES;
				CLANG_ANALYZER_NUMBER_OBJECT_CONVERSION = YES_AGGRESSIVE;
				CLANG_CXX_LANGUAGE_STANDARD = "gnu++20";
				CLANG_ENABLE_MODULES = YES;
				CLANG_ENABLE_OBJC_ARC = YES;
				CLANG_ENABLE_OBJC_WEAK = YES;
				CLANG_WARN_BLOCK_CAPTURE_AUTORELEASING = YES;
				CLANG_WARN_BOOL_CONVERSION = YES;
				CLANG_WARN_COMMA = YES;
				CLANG_WARN_CONSTANT_CONVERSION = YES;
				CLANG_WARN_DEPRECATED_OBJC_IMPLEMENTATIONS = YES;
				CLANG_WARN_DIRECT_OBJC_ISA_USAGE = YES_ERROR;
				CLANG_WARN_DOCUMENTATION_COMMENTS = YES;
				CLANG_WARN_EMPTY_BODY = YES;
				CLANG_WARN_ENUM_CONVERSION = YES;
				CLANG_WARN_INFINITE_RECURSION = YES;
				CLANG_WARN_INT_CONVERSION = YES;
				CLANG_WARN_NON_LITERAL_NULL_CONVERSION = YES;
				CLANG_WARN_OBJC_IMPLICIT_RETAIN_SELF = YES;
				CLANG_WARN_OBJC_LITERAL_CONVERSION = YES;
				CLANG_WARN_OBJC_ROOT_CLASS = YES_ERROR;
				CLANG_WARN_QUOTED_INCLUDE_IN_FRAMEWORK_HEADER = YES;
				CLANG_WARN_RANGE_LOOP_ANALYSIS = YES;
				CLANG_WARN_STRICT_PROTOTYPES = YES;
				CLANG_WARN_SUSPICIOUS_MOVE = YES;
				CLANG_WARN_UNGUARDED_AVAILABILITY = YES_AGGRESSIVE;
				CLANG_WARN_UNREACHABLE_CODE = YES;
				CLANG_WARN__DUPLICATE_METHOD_MATCH = YES;
				COPY_PHASE_STRIP = NO;
				DEBUG_INFORMATION_FORMAT = "dwarf-with-dsym";
				ENABLE_NS_ASSERTIONS = NO;
				ENABLE_STRICT_OBJC_MSGSEND = YES;
				GCC_C_LANGUAGE_STANDARD = gnu11;
				GCC_NO_COMMON_BLOCKS = YES;
				GCC_WARN_64_TO_32_BIT_CONVERSION = YES;
				GCC_WARN_ABOUT_RETURN_TYPE = YES_ERROR;
				GCC_WARN_UNDECLARED_SELECTOR = YES;
				GCC_WARN_UNINITIALIZED_AUTOS = YES_AGGRESSIVE;
				GCC_WARN_UNUSED_FUNCTION = YES;
				GCC_WARN_UNUSED_VARIABLE = YES;
				IPHONEOS_DEPLOYMENT_TARGET = 16.2;
				MTL_ENABLE_DEBUG_INFO = NO;
				MTL_FAST_MATH = YES;
				SDKROOT = iphoneos;
				SWIFT_COMPILATION_MODE = wholemodule;
				SWIFT_OPTIMIZATION_LEVEL = "-O";
				VALIDATE_PRODUCT = YES;
			};
			name = Release;
		};
		A62C32A829BAC9E70085A3B3 /* Debug */ = {
			isa = XCBuildConfiguration;
			buildSettings = {
				ASSETCATALOG_COMPILER_APPICON_NAME = AppIcon;
				ASSETCATALOG_COMPILER_GLOBAL_ACCENT_COLOR_NAME = AccentColor;
				CODE_SIGN_STYLE = Automatic;
				CURRENT_PROJECT_VERSION = 1;
				DEVELOPMENT_ASSET_PATHS = "\"Book Barcode Scanner/Preview Content\"";
				DEVELOPMENT_TEAM = LV3L79C26B;
				ENABLE_PREVIEWS = YES;
				GENERATE_INFOPLIST_FILE = YES;
				INFOPLIST_KEY_UIApplicationSceneManifest_Generation = YES;
				INFOPLIST_KEY_UIApplicationSupportsIndirectInputEvents = YES;
				INFOPLIST_KEY_UILaunchScreen_Generation = YES;
				INFOPLIST_KEY_UISupportedInterfaceOrientations_iPad = "UIInterfaceOrientationPortrait UIInterfaceOrientationPortraitUpsideDown UIInterfaceOrientationLandscapeLeft UIInterfaceOrientationLandscapeRight";
				INFOPLIST_KEY_UISupportedInterfaceOrientations_iPhone = "UIInterfaceOrientationPortrait UIInterfaceOrientationLandscapeLeft UIInterfaceOrientationLandscapeRight";
				LD_RUNPATH_SEARCH_PATHS = (
					"$(inherited)",
					"@executable_path/Frameworks",
				);
				MARKETING_VERSION = 1.0;
				PRODUCT_BUNDLE_IDENTIFIER = "com.bobfaist.Book-Barcode-Scanner";
				PRODUCT_NAME = "$(TARGET_NAME)";
				SWIFT_EMIT_LOC_STRINGS = YES;
				SWIFT_VERSION = 5.0;
				TARGETED_DEVICE_FAMILY = "1,2";
			};
			name = Debug;
		};
		A62C32A929BAC9E70085A3B3 /* Release */ = {
			isa = XCBuildConfiguration;
			buildSettings = {
				ASSETCATALOG_COMPILER_APPICON_NAME = AppIcon;
				ASSETCATALOG_COMPILER_GLOBAL_ACCENT_COLOR_NAME = AccentColor;
				CODE_SIGN_STYLE = Automatic;
				CURRENT_PROJECT_VERSION = 1;
				DEVELOPMENT_ASSET_PATHS = "\"Book Barcode Scanner/Preview Content\"";
				DEVELOPMENT_TEAM = LV3L79C26B;
				ENABLE_PREVIEWS = YES;
				GENERATE_INFOPLIST_FILE = YES;
				INFOPLIST_KEY_UIApplicationSceneManifest_Generation = YES;
				INFOPLIST_KEY_UIApplicationSupportsIndirectInputEvents = YES;
				INFOPLIST_KEY_UILaunchScreen_Generation = YES;
				INFOPLIST_KEY_UISupportedInterfaceOrientations_iPad = "UIInterfaceOrientationPortrait UIInterfaceOrientationPortraitUpsideDown UIInterfaceOrientationLandscapeLeft UIInterfaceOrientationLandscapeRight";
				INFOPLIST_KEY_UISupportedInterfaceOrientations_iPhone = "UIInterfaceOrientationPortrait UIInterfaceOrientationLandscapeLeft UIInterfaceOrientationLandscapeRight";
				LD_RUNPATH_SEARCH_PATHS = (
					"$(inherited)",
					"@executable_path/Frameworks",
				);
				MARKETING_VERSION = 1.0;
				PRODUCT_BUNDLE_IDENTIFIER = "com.bobfaist.Book-Barcode-Scanner";
				PRODUCT_NAME = "$(TARGET_NAME)";
				SWIFT_EMIT_LOC_STRINGS = YES;
				SWIFT_VERSION = 5.0;
				TARGETED_DEVICE_FAMILY = "1,2";
			};
			name = Release;
		};
		A62C32AB29BAC9E70085A3B3 /* Debug */ = {
			isa = XCBuildConfiguration;
			buildSettings = {
				ALWAYS_EMBED_SWIFT_STANDARD_LIBRARIES = YES;
				BUNDLE_LOADER = "$(TEST_HOST)";
				CODE_SIGN_STYLE = Automatic;
				CURRENT_PROJECT_VERSION = 1;
				DEVELOPMENT_TEAM = LV3L79C26B;
				GENERATE_INFOPLIST_FILE = YES;
				IPHONEOS_DEPLOYMENT_TARGET = 16.2;
				MARKETING_VERSION = 1.0;
				PRODUCT_BUNDLE_IDENTIFIER = "com.bobfaist.Book-Barcode-ScannerTests";
				PRODUCT_NAME = "$(TARGET_NAME)";
				SWIFT_EMIT_LOC_STRINGS = NO;
				SWIFT_VERSION = 5.0;
				TARGETED_DEVICE_FAMILY = "1,2";
				TEST_HOST = "$(BUILT_PRODUCTS_DIR)/Book Barcode Scanner.app/$(BUNDLE_EXECUTABLE_FOLDER_PATH)/Book Barcode Scanner";
			};
			name = Debug;
		};
		A62C32AC29BAC9E70085A3B3 /* Release */ = {
			isa = XCBuildConfiguration;
			buildSettings = {
				ALWAYS_EMBED_SWIFT_STANDARD_LIBRARIES = YES;
				BUNDLE_LOADER = "$(TEST_HOST)";
				CODE_SIGN_STYLE = Automatic;
				CURRENT_PROJECT_VERSION = 1;
				DEVELOPMENT_TEAM = LV3L79C26B;
				GENERATE_INFOPLIST_FILE = YES;
				IPHONEOS_DEPLOYMENT_TARGET = 16.2;
				MARKETING_VERSION = 1.0;
				PRODUCT_BUNDLE_IDENTIFIER = "com.bobfaist.Book-Barcode-ScannerTests";
				PRODUCT_NAME = "$(TARGET_NAME)";
				SWIFT_EMIT_LOC_STRINGS = NO;
				SWIFT_VERSION = 5.0;
				TARGETED_DEVICE_FAMILY = "1,2";
				TEST_HOST = "$(BUILT_PRODUCTS_DIR)/Book Barcode Scanner.app/$(BUNDLE_EXECUTABLE_FOLDER_PATH)/Book Barcode Scanner";
			};
			name = Release;
		};
		A62C32AE29BAC9E70085A3B3 /* Debug */ = {
			isa = XCBuildConfiguration;
			buildSettings = {
				ALWAYS_EMBED_SWIFT_STANDARD_LIBRARIES = YES;
				CODE_SIGN_STYLE = Automatic;
				CURRENT_PROJECT_VERSION = 1;
				DEVELOPMENT_TEAM = LV3L79C26B;
				GENERATE_INFOPLIST_FILE = YES;
				MARKETING_VERSION = 1.0;
				PRODUCT_BUNDLE_IDENTIFIER = "com.bobfaist.Book-Barcode-ScannerUITests";
				PRODUCT_NAME = "$(TARGET_NAME)";
				SWIFT_EMIT_LOC_STRINGS = NO;
				SWIFT_VERSION = 5.0;
				TARGETED_DEVICE_FAMILY = "1,2";
				TEST_TARGET_NAME = "Book Barcode Scanner";
			};
			name = Debug;
		};
		A62C32AF29BAC9E70085A3B3 /* Release */ = {
			isa = XCBuildConfiguration;
			buildSettings = {
				ALWAYS_EMBED_SWIFT_STANDARD_LIBRARIES = YES;
				CODE_SIGN_STYLE = Automatic;
				CURRENT_PROJECT_VERSION = 1;
				DEVELOPMENT_TEAM = LV3L79C26B;
				GENERATE_INFOPLIST_FILE = YES;
				MARKETING_VERSION = 1.0;
				PRODUCT_BUNDLE_IDENTIFIER = "com.bobfaist.Book-Barcode-ScannerUITests";
				PRODUCT_NAME = "$(TARGET_NAME)";
				SWIFT_EMIT_LOC_STRINGS = NO;
				SWIFT_VERSION = 5.0;
				TARGETED_DEVICE_FAMILY = "1,2";
				TEST_TARGET_NAME = "Book Barcode Scanner";
			};
			name = Release;
		};
/* End XCBuildConfiguration section */

/* Begin XCConfigurationList section */
		A62C327E29BAC9E60085A3B3 /* Build configuration list for PBXProject "Book Barcode Scanner" */ = {
			isa = XCConfigurationList;
			buildConfigurations = (
				A62C32A529BAC9E70085A3B3 /* Debug */,
				A62C32A629BAC9E70085A3B3 /* Release */,
			);
			defaultConfigurationIsVisible = 0;
			defaultConfigurationName = Release;
		};
		A62C32A729BAC9E70085A3B3 /* Build configuration list for PBXNativeTarget "Book Barcode Scanner" */ = {
			isa = XCConfigurationList;
			buildConfigurations = (
				A62C32A829BAC9E70085A3B3 /* Debug */,
				A62C32A929BAC9E70085A3B3 /* Release */,
			);
			defaultConfigurationIsVisible = 0;
			defaultConfigurationName = Release;
		};
		A62C32AA29BAC9E70085A3B3 /* Build configuration list for PBXNativeTarget "Book Barcode ScannerTests" */ = {
			isa = XCConfigurationList;
			buildConfigurations = (
				A62C32AB29BAC9E70085A3B3 /* Debug */,
				A62C32AC29BAC9E70085A3B3 /* Release */,
			);
			defaultConfigurationIsVisible = 0;
			defaultConfigurationName = Release;
		};
		A62C32AD29BAC9E70085A3B3 /* Build configuration list for PBXNativeTarget "Book Barcode ScannerUITests" */ = {
			isa = XCConfigurationList;
			buildConfigurations = (
				A62C32AE29BAC9E70085A3B3 /* Debug */,
				A62C32AF29BAC9E70085A3B3 /* Release */,
			);
			defaultConfigurationIsVisible = 0;
			defaultConfigurationName = Release;
		};
/* End XCConfigurationList section */
	};
	rootObject = A62C327B29BAC9E60085A3B3 /* Project object */;
}
